
Microsoft Visual Studio Solution File, Format Version 12.00
# Visual Studio 14
VisualStudioVersion = 14.0.25123.0
MinimumVisualStudioVersion = 10.0.40219.1
Project("{FAE04EC0-301F-11D3-BF4B-00C04F79EFBC}") = "App1.Droid", "App1\App1.Droid\App1.Droid.csproj", "{CFDAF71B-93D5-4881-B042-D35DDF6E8180}"
EndProject
Project("{FAE04EC0-301F-11D3-BF4B-00C04F79EFBC}") = "App1.iOS", "App1\App1.iOS\App1.iOS.csproj", "{2A621414-E38F-4873-B9EA-DEB849635799}"
EndProject
Project("{FAE04EC0-301F-11D3-BF4B-00C04F79EFBC}") = "App1.WinPhone", "App1\App1.WinPhone\App1.WinPhone.csproj", "{64751CEF-5849-493E-AC74-3AC46EF75E0B}"
EndProject
Project("{FAE04EC0-301F-11D3-BF4B-00C04F79EFBC}") = "App1.UWP", "App1\App1.UWP\App1.UWP.csproj", "{E4237614-55F9-48D3-99DE-5FD8148A67C4}"
EndProject
Project("{FAE04EC0-301F-11D3-BF4B-00C04F79EFBC}") = "App1.Windows", "App1\App1.Windows\App1.Windows.csproj", "{97C48D41-4455-42AF-A8D2-E693BC05104C}"
EndProject
Project("{FAE04EC0-301F-11D3-BF4B-00C04F79EFBC}") = "App1", "App1\App1\App1.csproj", "{ED643EBE-5870-4765-BF44-AB01D0DC6DCB}"
EndProject
Global
	GlobalSection(SolutionConfigurationPlatforms) = preSolution
		Ad-Hoc|Any CPU = Ad-Hoc|Any CPU
		Ad-Hoc|ARM = Ad-Hoc|ARM
		Ad-Hoc|iPhone = Ad-Hoc|iPhone
		Ad-Hoc|iPhoneSimulator = Ad-Hoc|iPhoneSimulator
		Ad-Hoc|x64 = Ad-Hoc|x64
		Ad-Hoc|x86 = Ad-Hoc|x86
		AppStore|Any CPU = AppStore|Any CPU
		AppStore|ARM = AppStore|ARM
		AppStore|iPhone = AppStore|iPhone
		AppStore|iPhoneSimulator = AppStore|iPhoneSimulator
		AppStore|x64 = AppStore|x64
		AppStore|x86 = AppStore|x86
		Debug|Any CPU = Debug|Any CPU
		Debug|ARM = Debug|ARM
		Debug|iPhone = Debug|iPhone
		Debug|iPhoneSimulator = Debug|iPhoneSimulator
		Debug|x64 = Debug|x64
		Debug|x86 = Debug|x86
		Release|Any CPU = Release|Any CPU
		Release|ARM = Release|ARM
		Release|iPhone = Release|iPhone
		Release|iPhoneSimulator = Release|iPhoneSimulator
		Release|x64 = Release|x64
		Release|x86 = Release|x86
	EndGlobalSection
	GlobalSection(ProjectConfigurationPlatforms) = postSolution
		{CFDAF71B-93D5-4881-B042-D35DDF6E8180}.Ad-Hoc|Any CPU.ActiveCfg = Release|Any CPU
		{CFDAF71B-93D5-4881-B042-D35DDF6E8180}.Ad-Hoc|Any CPU.Build.0 = Release|Any CPU
		{CFDAF71B-93D5-4881-B042-D35DDF6E8180}.Ad-Hoc|Any CPU.Deploy.0 = Release|Any CPU
		{CFDAF71B-93D5-4881-B042-D35DDF6E8180}.Ad-Hoc|ARM.ActiveCfg = Release|Any CPU
		{CFDAF71B-93D5-4881-B042-D35DDF6E8180}.Ad-Hoc|ARM.Build.0 = Release|Any CPU
		{CFDAF71B-93D5-4881-B042-D35DDF6E8180}.Ad-Hoc|ARM.Deploy.0 = Release|Any CPU
		{CFDAF71B-93D5-4881-B042-D35DDF6E8180}.Ad-Hoc|iPhone.ActiveCfg = Release|Any CPU
		{CFDAF71B-93D5-4881-B042-D35DDF6E8180}.Ad-Hoc|iPhone.Build.0 = Release|Any CPU
		{CFDAF71B-93D5-4881-B042-D35DDF6E8180}.Ad-Hoc|iPhone.Deploy.0 = Release|Any CPU
		{CFDAF71B-93D5-4881-B042-D35DDF6E8180}.Ad-Hoc|iPhoneSimulator.ActiveCfg = Release|Any CPU
		{CFDAF71B-93D5-4881-B042-D35DDF6E8180}.Ad-Hoc|iPhoneSimulator.Build.0 = Release|Any CPU
		{CFDAF71B-93D5-4881-B042-D35DDF6E8180}.Ad-Hoc|iPhoneSimulator.Deploy.0 = Release|Any CPU
		{CFDAF71B-93D5-4881-B042-D35DDF6E8180}.Ad-Hoc|x64.ActiveCfg = Release|Any CPU
		{CFDAF71B-93D5-4881-B042-D35DDF6E8180}.Ad-Hoc|x64.Build.0 = Release|Any CPU
		{CFDAF71B-93D5-4881-B042-D35DDF6E8180}.Ad-Hoc|x64.Deploy.0 = Release|Any CPU
		{CFDAF71B-93D5-4881-B042-D35DDF6E8180}.Ad-Hoc|x86.ActiveCfg = Release|Any CPU
		{CFDAF71B-93D5-4881-B042-D35DDF6E8180}.Ad-Hoc|x86.Build.0 = Release|Any CPU
		{CFDAF71B-93D5-4881-B042-D35DDF6E8180}.Ad-Hoc|x86.Deploy.0 = Release|Any CPU
		{CFDAF71B-93D5-4881-B042-D35DDF6E8180}.AppStore|Any CPU.ActiveCfg = Release|Any CPU
		{CFDAF71B-93D5-4881-B042-D35DDF6E8180}.AppStore|Any CPU.Build.0 = Release|Any CPU
		{CFDAF71B-93D5-4881-B042-D35DDF6E8180}.AppStore|Any CPU.Deploy.0 = Release|Any CPU
		{CFDAF71B-93D5-4881-B042-D35DDF6E8180}.AppStore|ARM.ActiveCfg = Release|Any CPU
		{CFDAF71B-93D5-4881-B042-D35DDF6E8180}.AppStore|ARM.Build.0 = Release|Any CPU
		{CFDAF71B-93D5-4881-B042-D35DDF6E8180}.AppStore|ARM.Deploy.0 = Release|Any CPU
		{CFDAF71B-93D5-4881-B042-D35DDF6E8180}.AppStore|iPhone.ActiveCfg = Release|Any CPU
		{CFDAF71B-93D5-4881-B042-D35DDF6E8180}.AppStore|iPhone.Build.0 = Release|Any CPU
		{CFDAF71B-93D5-4881-B042-D35DDF6E8180}.AppStore|iPhone.Deploy.0 = Release|Any CPU
		{CFDAF71B-93D5-4881-B042-D35DDF6E8180}.AppStore|iPhoneSimulator.ActiveCfg = Release|Any CPU
		{CFDAF71B-93D5-4881-B042-D35DDF6E8180}.AppStore|iPhoneSimulator.Build.0 = Release|Any CPU
		{CFDAF71B-93D5-4881-B042-D35DDF6E8180}.AppStore|iPhoneSimulator.Deploy.0 = Release|Any CPU
		{CFDAF71B-93D5-4881-B042-D35DDF6E8180}.AppStore|x64.ActiveCfg = Release|Any CPU
		{CFDAF71B-93D5-4881-B042-D35DDF6E8180}.AppStore|x64.Build.0 = Release|Any CPU
		{CFDAF71B-93D5-4881-B042-D35DDF6E8180}.AppStore|x64.Deploy.0 = Release|Any CPU
		{CFDAF71B-93D5-4881-B042-D35DDF6E8180}.AppStore|x86.ActiveCfg = Release|Any CPU
		{CFDAF71B-93D5-4881-B042-D35DDF6E8180}.AppStore|x86.Build.0 = Release|Any CPU
		{CFDAF71B-93D5-4881-B042-D35DDF6E8180}.AppStore|x86.Deploy.0 = Release|Any CPU
		{CFDAF71B-93D5-4881-B042-D35DDF6E8180}.Debug|Any CPU.ActiveCfg = Debug|Any CPU
		{CFDAF71B-93D5-4881-B042-D35DDF6E8180}.Debug|Any CPU.Build.0 = Debug|Any CPU
		{CFDAF71B-93D5-4881-B042-D35DDF6E8180}.Debug|Any CPU.Deploy.0 = Debug|Any CPU
		{CFDAF71B-93D5-4881-B042-D35DDF6E8180}.Debug|ARM.ActiveCfg = Debug|Any CPU
		{CFDAF71B-93D5-4881-B042-D35DDF6E8180}.Debug|ARM.Build.0 = Debug|Any CPU
		{CFDAF71B-93D5-4881-B042-D35DDF6E8180}.Debug|ARM.Deploy.0 = Debug|Any CPU
		{CFDAF71B-93D5-4881-B042-D35DDF6E8180}.Debug|iPhone.ActiveCfg = Debug|Any CPU
		{CFDAF71B-93D5-4881-B042-D35DDF6E8180}.Debug|iPhone.Build.0 = Debug|Any CPU
		{CFDAF71B-93D5-4881-B042-D35DDF6E8180}.Debug|iPhone.Deploy.0 = Debug|Any CPU
		{CFDAF71B-93D5-4881-B042-D35DDF6E8180}.Debug|iPhoneSimulator.ActiveCfg = Debug|Any CPU
		{CFDAF71B-93D5-4881-B042-D35DDF6E8180}.Debug|iPhoneSimulator.Build.0 = Debug|Any CPU
		{CFDAF71B-93D5-4881-B042-D35DDF6E8180}.Debug|iPhoneSimulator.Deploy.0 = Debug|Any CPU
		{CFDAF71B-93D5-4881-B042-D35DDF6E8180}.Debug|x64.ActiveCfg = Debug|Any CPU
		{CFDAF71B-93D5-4881-B042-D35DDF6E8180}.Debug|x64.Build.0 = Debug|Any CPU
		{CFDAF71B-93D5-4881-B042-D35DDF6E8180}.Debug|x64.Deploy.0 = Debug|Any CPU
		{CFDAF71B-93D5-4881-B042-D35DDF6E8180}.Debug|x86.ActiveCfg = Debug|Any CPU
		{CFDAF71B-93D5-4881-B042-D35DDF6E8180}.Debug|x86.Build.0 = Debug|Any CPU
		{CFDAF71B-93D5-4881-B042-D35DDF6E8180}.Debug|x86.Deploy.0 = Debug|Any CPU
		{CFDAF71B-93D5-4881-B042-D35DDF6E8180}.Release|Any CPU.ActiveCfg = Release|Any CPU
		{CFDAF71B-93D5-4881-B042-D35DDF6E8180}.Release|Any CPU.Build.0 = Release|Any CPU
		{CFDAF71B-93D5-4881-B042-D35DDF6E8180}.Release|Any CPU.Deploy.0 = Release|Any CPU
		{CFDAF71B-93D5-4881-B042-D35DDF6E8180}.Release|ARM.ActiveCfg = Release|Any CPU
		{CFDAF71B-93D5-4881-B042-D35DDF6E8180}.Release|ARM.Build.0 = Release|Any CPU
		{CFDAF71B-93D5-4881-B042-D35DDF6E8180}.Release|ARM.Deploy.0 = Release|Any CPU
		{CFDAF71B-93D5-4881-B042-D35DDF6E8180}.Release|iPhone.ActiveCfg = Release|Any CPU
		{CFDAF71B-93D5-4881-B042-D35DDF6E8180}.Release|iPhone.Build.0 = Release|Any CPU
		{CFDAF71B-93D5-4881-B042-D35DDF6E8180}.Release|iPhone.Deploy.0 = Release|Any CPU
		{CFDAF71B-93D5-4881-B042-D35DDF6E8180}.Release|iPhoneSimulator.ActiveCfg = Release|Any CPU
		{CFDAF71B-93D5-4881-B042-D35DDF6E8180}.Release|iPhoneSimulator.Build.0 = Release|Any CPU
		{CFDAF71B-93D5-4881-B042-D35DDF6E8180}.Release|iPhoneSimulator.Deploy.0 = Release|Any CPU
		{CFDAF71B-93D5-4881-B042-D35DDF6E8180}.Release|x64.ActiveCfg = Release|Any CPU
		{CFDAF71B-93D5-4881-B042-D35DDF6E8180}.Release|x64.Build.0 = Release|Any CPU
		{CFDAF71B-93D5-4881-B042-D35DDF6E8180}.Release|x64.Deploy.0 = Release|Any CPU
		{CFDAF71B-93D5-4881-B042-D35DDF6E8180}.Release|x86.ActiveCfg = Release|Any CPU
		{CFDAF71B-93D5-4881-B042-D35DDF6E8180}.Release|x86.Build.0 = Release|Any CPU
		{CFDAF71B-93D5-4881-B042-D35DDF6E8180}.Release|x86.Deploy.0 = Release|Any CPU
		{2A621414-E38F-4873-B9EA-DEB849635799}.Ad-Hoc|Any CPU.ActiveCfg = Ad-Hoc|iPhone
		{2A621414-E38F-4873-B9EA-DEB849635799}.Ad-Hoc|ARM.ActiveCfg = Ad-Hoc|iPhone
		{2A621414-E38F-4873-B9EA-DEB849635799}.Ad-Hoc|iPhone.ActiveCfg = Ad-Hoc|iPhone
		{2A621414-E38F-4873-B9EA-DEB849635799}.Ad-Hoc|iPhone.Build.0 = Ad-Hoc|iPhone
		{2A621414-E38F-4873-B9EA-DEB849635799}.Ad-Hoc|iPhoneSimulator.ActiveCfg = Ad-Hoc|iPhoneSimulator
		{2A621414-E38F-4873-B9EA-DEB849635799}.Ad-Hoc|iPhoneSimulator.Build.0 = Ad-Hoc|iPhoneSimulator
		{2A621414-E38F-4873-B9EA-DEB849635799}.Ad-Hoc|x64.ActiveCfg = Ad-Hoc|iPhone
		{2A621414-E38F-4873-B9EA-DEB849635799}.Ad-Hoc|x86.ActiveCfg = Ad-Hoc|iPhone
		{2A621414-E38F-4873-B9EA-DEB849635799}.AppStore|Any CPU.ActiveCfg = AppStore|iPhone
		{2A621414-E38F-4873-B9EA-DEB849635799}.AppStore|ARM.ActiveCfg = AppStore|iPhone
		{2A621414-E38F-4873-B9EA-DEB849635799}.AppStore|iPhone.ActiveCfg = AppStore|iPhone
		{2A621414-E38F-4873-B9EA-DEB849635799}.AppStore|iPhone.Build.0 = AppStore|iPhone
		{2A621414-E38F-4873-B9EA-DEB849635799}.AppStore|iPhoneSimulator.ActiveCfg = AppStore|iPhoneSimulator
		{2A621414-E38F-4873-B9EA-DEB849635799}.AppStore|iPhoneSimulator.Build.0 = AppStore|iPhoneSimulator
		{2A621414-E38F-4873-B9EA-DEB849635799}.AppStore|x64.ActiveCfg = AppStore|iPhone
		{2A621414-E38F-4873-B9EA-DEB849635799}.AppStore|x86.ActiveCfg = AppStore|iPhone
		{2A621414-E38F-4873-B9EA-DEB849635799}.Debug|Any CPU.ActiveCfg = Debug|iPhone
		{2A621414-E38F-4873-B9EA-DEB849635799}.Debug|ARM.ActiveCfg = Debug|iPhone
		{2A621414-E38F-4873-B9EA-DEB849635799}.Debug|iPhone.ActiveCfg = Debug|iPhone
		{2A621414-E38F-4873-B9EA-DEB849635799}.Debug|iPhone.Build.0 = Debug|iPhone
		{2A621414-E38F-4873-B9EA-DEB849635799}.Debug|iPhoneSimulator.ActiveCfg = Debug|iPhoneSimulator
		{2A621414-E38F-4873-B9EA-DEB849635799}.Debug|iPhoneSimulator.Build.0 = Debug|iPhoneSimulator
		{2A621414-E38F-4873-B9EA-DEB849635799}.Debug|x64.ActiveCfg = Debug|iPhone
		{2A621414-E38F-4873-B9EA-DEB849635799}.Debug|x86.ActiveCfg = Debug|iPhone
		{2A621414-E38F-4873-B9EA-DEB849635799}.Release|Any CPU.ActiveCfg = Release|iPhone
		{2A621414-E38F-4873-B9EA-DEB849635799}.Release|ARM.ActiveCfg = Release|iPhone
		{2A621414-E38F-4873-B9EA-DEB849635799}.Release|iPhone.ActiveCfg = Release|iPhone
		{2A621414-E38F-4873-B9EA-DEB849635799}.Release|iPhone.Build.0 = Release|iPhone
		{2A621414-E38F-4873-B9EA-DEB849635799}.Release|iPhoneSimulator.ActiveCfg = Release|iPhoneSimulator
		{2A621414-E38F-4873-B9EA-DEB849635799}.Release|iPhoneSimulator.Build.0 = Release|iPhoneSimulator
		{2A621414-E38F-4873-B9EA-DEB849635799}.Release|x64.ActiveCfg = Release|iPhone
		{2A621414-E38F-4873-B9EA-DEB849635799}.Release|x86.ActiveCfg = Release|iPhone
		{64751CEF-5849-493E-AC74-3AC46EF75E0B}.Ad-Hoc|Any CPU.ActiveCfg = Release|Any CPU
		{64751CEF-5849-493E-AC74-3AC46EF75E0B}.Ad-Hoc|Any CPU.Build.0 = Release|Any CPU
		{64751CEF-5849-493E-AC74-3AC46EF75E0B}.Ad-Hoc|Any CPU.Deploy.0 = Release|Any CPU
		{64751CEF-5849-493E-AC74-3AC46EF75E0B}.Ad-Hoc|ARM.ActiveCfg = Release|ARM
		{64751CEF-5849-493E-AC74-3AC46EF75E0B}.Ad-Hoc|ARM.Build.0 = Release|ARM
		{64751CEF-5849-493E-AC74-3AC46EF75E0B}.Ad-Hoc|ARM.Deploy.0 = Release|ARM
		{64751CEF-5849-493E-AC74-3AC46EF75E0B}.Ad-Hoc|iPhone.ActiveCfg = Release|Any CPU
		{64751CEF-5849-493E-AC74-3AC46EF75E0B}.Ad-Hoc|iPhone.Build.0 = Release|Any CPU
		{64751CEF-5849-493E-AC74-3AC46EF75E0B}.Ad-Hoc|iPhone.Deploy.0 = Release|Any CPU
		{64751CEF-5849-493E-AC74-3AC46EF75E0B}.Ad-Hoc|iPhoneSimulator.ActiveCfg = Release|Any CPU
		{64751CEF-5849-493E-AC74-3AC46EF75E0B}.Ad-Hoc|iPhoneSimulator.Build.0 = Release|Any CPU
		{64751CEF-5849-493E-AC74-3AC46EF75E0B}.Ad-Hoc|iPhoneSimulator.Deploy.0 = Release|Any CPU
		{64751CEF-5849-493E-AC74-3AC46EF75E0B}.Ad-Hoc|x64.ActiveCfg = Release|Any CPU
		{64751CEF-5849-493E-AC74-3AC46EF75E0B}.Ad-Hoc|x64.Build.0 = Release|Any CPU
		{64751CEF-5849-493E-AC74-3AC46EF75E0B}.Ad-Hoc|x64.Deploy.0 = Release|Any CPU
		{64751CEF-5849-493E-AC74-3AC46EF75E0B}.Ad-Hoc|x86.ActiveCfg = Release|x86
		{64751CEF-5849-493E-AC74-3AC46EF75E0B}.Ad-Hoc|x86.Build.0 = Release|x86
		{64751CEF-5849-493E-AC74-3AC46EF75E0B}.Ad-Hoc|x86.Deploy.0 = Release|x86
		{64751CEF-5849-493E-AC74-3AC46EF75E0B}.AppStore|Any CPU.ActiveCfg = Release|Any CPU
		{64751CEF-5849-493E-AC74-3AC46EF75E0B}.AppStore|Any CPU.Build.0 = Release|Any CPU
		{64751CEF-5849-493E-AC74-3AC46EF75E0B}.AppStore|Any CPU.Deploy.0 = Release|Any CPU
		{64751CEF-5849-493E-AC74-3AC46EF75E0B}.AppStore|ARM.ActiveCfg = Release|ARM
		{64751CEF-5849-493E-AC74-3AC46EF75E0B}.AppStore|ARM.Build.0 = Release|ARM
		{64751CEF-5849-493E-AC74-3AC46EF75E0B}.AppStore|ARM.Deploy.0 = Release|ARM
		{64751CEF-5849-493E-AC74-3AC46EF75E0B}.AppStore|iPhone.ActiveCfg = Release|Any CPU
		{64751CEF-5849-493E-AC74-3AC46EF75E0B}.AppStore|iPhone.Build.0 = Release|Any CPU
		{64751CEF-5849-493E-AC74-3AC46EF75E0B}.AppStore|iPhone.Deploy.0 = Release|Any CPU
		{64751CEF-5849-493E-AC74-3AC46EF75E0B}.AppStore|iPhoneSimulator.ActiveCfg = Release|Any CPU
		{64751CEF-5849-493E-AC74-3AC46EF75E0B}.AppStore|iPhoneSimulator.Build.0 = Release|Any CPU
		{64751CEF-5849-493E-AC74-3AC46EF75E0B}.AppStore|iPhoneSimulator.Deploy.0 = Release|Any CPU
		{64751CEF-5849-493E-AC74-3AC46EF75E0B}.AppStore|x64.ActiveCfg = Release|Any CPU
		{64751CEF-5849-493E-AC74-3AC46EF75E0B}.AppStore|x64.Build.0 = Release|Any CPU
		{64751CEF-5849-493E-AC74-3AC46EF75E0B}.AppStore|x64.Deploy.0 = Release|Any CPU
		{64751CEF-5849-493E-AC74-3AC46EF75E0B}.AppStore|x86.ActiveCfg = Release|x86
		{64751CEF-5849-493E-AC74-3AC46EF75E0B}.AppStore|x86.Build.0 = Release|x86
		{64751CEF-5849-493E-AC74-3AC46EF75E0B}.AppStore|x86.Deploy.0 = Release|x86
		{64751CEF-5849-493E-AC74-3AC46EF75E0B}.Debug|Any CPU.ActiveCfg = Debug|Any CPU
		{64751CEF-5849-493E-AC74-3AC46EF75E0B}.Debug|Any CPU.Build.0 = Debug|Any CPU
		{64751CEF-5849-493E-AC74-3AC46EF75E0B}.Debug|Any CPU.Deploy.0 = Debug|Any CPU
		{64751CEF-5849-493E-AC74-3AC46EF75E0B}.Debug|ARM.ActiveCfg = Debug|ARM
		{64751CEF-5849-493E-AC74-3AC46EF75E0B}.Debug|ARM.Build.0 = Debug|ARM
		{64751CEF-5849-493E-AC74-3AC46EF75E0B}.Debug|ARM.Deploy.0 = Debug|ARM
		{64751CEF-5849-493E-AC74-3AC46EF75E0B}.Debug|iPhone.ActiveCfg = Debug|Any CPU
		{64751CEF-5849-493E-AC74-3AC46EF75E0B}.Debug|iPhone.Build.0 = Debug|Any CPU
		{64751CEF-5849-493E-AC74-3AC46EF75E0B}.Debug|iPhone.Deploy.0 = Debug|Any CPU
		{64751CEF-5849-493E-AC74-3AC46EF75E0B}.Debug|iPhoneSimulator.ActiveCfg = Debug|Any CPU
		{64751CEF-5849-493E-AC74-3AC46EF75E0B}.Debug|iPhoneSimulator.Build.0 = Debug|Any CPU
		{64751CEF-5849-493E-AC74-3AC46EF75E0B}.Debug|iPhoneSimulator.Deploy.0 = Debug|Any CPU
		{64751CEF-5849-493E-AC74-3AC46EF75E0B}.Debug|x64.ActiveCfg = Debug|Any CPU
		{64751CEF-5849-493E-AC74-3AC46EF75E0B}.Debug|x64.Build.0 = Debug|Any CPU
		{64751CEF-5849-493E-AC74-3AC46EF75E0B}.Debug|x64.Deploy.0 = Debug|Any CPU
		{64751CEF-5849-493E-AC74-3AC46EF75E0B}.Debug|x86.ActiveCfg = Debug|x86
		{64751CEF-5849-493E-AC74-3AC46EF75E0B}.Debug|x86.Build.0 = Debug|x86
		{64751CEF-5849-493E-AC74-3AC46EF75E0B}.Debug|x86.Deploy.0 = Debug|x86
		{64751CEF-5849-493E-AC74-3AC46EF75E0B}.Release|Any CPU.ActiveCfg = Release|Any CPU
		{64751CEF-5849-493E-AC74-3AC46EF75E0B}.Release|Any CPU.Build.0 = Release|Any CPU
		{64751CEF-5849-493E-AC74-3AC46EF75E0B}.Release|Any CPU.Deploy.0 = Release|Any CPU
		{64751CEF-5849-493E-AC74-3AC46EF75E0B}.Release|ARM.ActiveCfg = Release|ARM
		{64751CEF-5849-493E-AC74-3AC46EF75E0B}.Release|ARM.Build.0 = Release|ARM
		{64751CEF-5849-493E-AC74-3AC46EF75E0B}.Release|ARM.Deploy.0 = Release|ARM
		{64751CEF-5849-493E-AC74-3AC46EF75E0B}.Release|iPhone.ActiveCfg = Release|Any CPU
		{64751CEF-5849-493E-AC74-3AC46EF75E0B}.Release|iPhone.Build.0 = Release|Any CPU
		{64751CEF-5849-493E-AC74-3AC46EF75E0B}.Release|iPhone.Deploy.0 = Release|Any CPU
		{64751CEF-5849-493E-AC74-3AC46EF75E0B}.Release|iPhoneSimulator.ActiveCfg = Release|Any CPU
		{64751CEF-5849-493E-AC74-3AC46EF75E0B}.Release|iPhoneSimulator.Build.0 = Release|Any CPU
		{64751CEF-5849-493E-AC74-3AC46EF75E0B}.Release|iPhoneSimulator.Deploy.0 = Release|Any CPU
		{64751CEF-5849-493E-AC74-3AC46EF75E0B}.Release|x64.ActiveCfg = Release|Any CPU
		{64751CEF-5849-493E-AC74-3AC46EF75E0B}.Release|x64.Build.0 = Release|Any CPU
		{64751CEF-5849-493E-AC74-3AC46EF75E0B}.Release|x64.Deploy.0 = Release|Any CPU
		{64751CEF-5849-493E-AC74-3AC46EF75E0B}.Release|x86.ActiveCfg = Release|x86
		{64751CEF-5849-493E-AC74-3AC46EF75E0B}.Release|x86.Build.0 = Release|x86
		{64751CEF-5849-493E-AC74-3AC46EF75E0B}.Release|x86.Deploy.0 = Release|x86
		{E4237614-55F9-48D3-99DE-5FD8148A67C4}.Ad-Hoc|Any CPU.ActiveCfg = Release|x86
		{E4237614-55F9-48D3-99DE-5FD8148A67C4}.Ad-Hoc|Any CPU.Build.0 = Release|x86
		{E4237614-55F9-48D3-99DE-5FD8148A67C4}.Ad-Hoc|Any CPU.Deploy.0 = Release|x86
		{E4237614-55F9-48D3-99DE-5FD8148A67C4}.Ad-Hoc|ARM.ActiveCfg = Release|ARM
		{E4237614-55F9-48D3-99DE-5FD8148A67C4}.Ad-Hoc|ARM.Build.0 = Release|ARM
		{E4237614-55F9-48D3-99DE-5FD8148A67C4}.Ad-Hoc|ARM.Deploy.0 = Release|ARM
		{E4237614-55F9-48D3-99DE-5FD8148A67C4}.Ad-Hoc|iPhone.ActiveCfg = Release|x86
		{E4237614-55F9-48D3-99DE-5FD8148A67C4}.Ad-Hoc|iPhone.Build.0 = Release|x86
		{E4237614-55F9-48D3-99DE-5FD8148A67C4}.Ad-Hoc|iPhone.Deploy.0 = Release|x86
		{E4237614-55F9-48D3-99DE-5FD8148A67C4}.Ad-Hoc|iPhoneSimulator.ActiveCfg = Release|x86
		{E4237614-55F9-48D3-99DE-5FD8148A67C4}.Ad-Hoc|iPhoneSimulator.Build.0 = Release|x86
		{E4237614-55F9-48D3-99DE-5FD8148A67C4}.Ad-Hoc|iPhoneSimulator.Deploy.0 = Release|x86
		{E4237614-55F9-48D3-99DE-5FD8148A67C4}.Ad-Hoc|x64.ActiveCfg = Release|x64
		{E4237614-55F9-48D3-99DE-5FD8148A67C4}.Ad-Hoc|x64.Build.0 = Release|x64
		{E4237614-55F9-48D3-99DE-5FD8148A67C4}.Ad-Hoc|x64.Deploy.0 = Release|x64
		{E4237614-55F9-48D3-99DE-5FD8148A67C4}.Ad-Hoc|x86.ActiveCfg = Release|x86
		{E4237614-55F9-48D3-99DE-5FD8148A67C4}.Ad-Hoc|x86.Build.0 = Release|x86
		{E4237614-55F9-48D3-99DE-5FD8148A67C4}.Ad-Hoc|x86.Deploy.0 = Release|x86
		{E4237614-55F9-48D3-99DE-5FD8148A67C4}.AppStore|Any CPU.ActiveCfg = Release|x86
		{E4237614-55F9-48D3-99DE-5FD8148A67C4}.AppStore|Any CPU.Build.0 = Release|x86
		{E4237614-55F9-48D3-99DE-5FD8148A67C4}.AppStore|Any CPU.Deploy.0 = Release|x86
		{E4237614-55F9-48D3-99DE-5FD8148A67C4}.AppStore|ARM.ActiveCfg = Release|ARM
		{E4237614-55F9-48D3-99DE-5FD8148A67C4}.AppStore|ARM.Build.0 = Release|ARM
		{E4237614-55F9-48D3-99DE-5FD8148A67C4}.AppStore|ARM.Deploy.0 = Release|ARM
		{E4237614-55F9-48D3-99DE-5FD8148A67C4}.AppStore|iPhone.ActiveCfg = Release|x86
		{E4237614-55F9-48D3-99DE-5FD8148A67C4}.AppStore|iPhone.Build.0 = Release|x86
		{E4237614-55F9-48D3-99DE-5FD8148A67C4}.AppStore|iPhone.Deploy.0 = Release|x86
		{E4237614-55F9-48D3-99DE-5FD8148A67C4}.AppStore|iPhoneSimulator.ActiveCfg = Release|x86
		{E4237614-55F9-48D3-99DE-5FD8148A67C4}.AppStore|iPhoneSimulator.Build.0 = Release|x86
		{E4237614-55F9-48D3-99DE-5FD8148A67C4}.AppStore|iPhoneSimulator.Deploy.0 = Release|x86
		{E4237614-55F9-48D3-99DE-5FD8148A67C4}.AppStore|x64.ActiveCfg = Release|x64
		{E4237614-55F9-48D3-99DE-5FD8148A67C4}.AppStore|x64.Build.0 = Release|x64
		{E4237614-55F9-48D3-99DE-5FD8148A67C4}.AppStore|x64.Deploy.0 = Release|x64
		{E4237614-55F9-48D3-99DE-5FD8148A67C4}.AppStore|x86.ActiveCfg = Release|x86
		{E4237614-55F9-48D3-99DE-5FD8148A67C4}.AppStore|x86.Build.0 = Release|x86
		{E4237614-55F9-48D3-99DE-5FD8148A67C4}.AppStore|x86.Deploy.0 = Release|x86
		{E4237614-55F9-48D3-99DE-5FD8148A67C4}.Debug|Any CPU.ActiveCfg = Debug|x86
		{E4237614-55F9-48D3-99DE-5FD8148A67C4}.Debug|ARM.ActiveCfg = Debug|ARM
		{E4237614-55F9-48D3-99DE-5FD8148A67C4}.Debug|ARM.Build.0 = Debug|ARM
		{E4237614-55F9-48D3-99DE-5FD8148A67C4}.Debug|ARM.Deploy.0 = Debug|ARM
		{E4237614-55F9-48D3-99DE-5FD8148A67C4}.Debug|iPhone.ActiveCfg = Debug|x86
		{E4237614-55F9-48D3-99DE-5FD8148A67C4}.Debug|iPhoneSimulator.ActiveCfg = Debug|x86
		{E4237614-55F9-48D3-99DE-5FD8148A67C4}.Debug|x64.ActiveCfg = Debug|x64
		{E4237614-55F9-48D3-99DE-5FD8148A67C4}.Debug|x64.Build.0 = Debug|x64
		{E4237614-55F9-48D3-99DE-5FD8148A67C4}.Debug|x64.Deploy.0 = Debug|x64
		{E4237614-55F9-48D3-99DE-5FD8148A67C4}.Debug|x86.ActiveCfg = Debug|x86
		{E4237614-55F9-48D3-99DE-5FD8148A67C4}.Debug|x86.Build.0 = Debug|x86
		{E4237614-55F9-48D3-99DE-5FD8148A67C4}.Debug|x86.Deploy.0 = Debug|x86
		{E4237614-55F9-48D3-99DE-5FD8148A67C4}.Release|Any CPU.ActiveCfg = Release|x86
		{E4237614-55F9-48D3-99DE-5FD8148A67C4}.Release|ARM.ActiveCfg = Release|ARM
		{E4237614-55F9-48D3-99DE-5FD8148A67C4}.Release|ARM.Build.0 = Release|ARM
		{E4237614-55F9-48D3-99DE-5FD8148A67C4}.Release|ARM.Deploy.0 = Release|ARM
		{E4237614-55F9-48D3-99DE-5FD8148A67C4}.Release|iPhone.ActiveCfg = Release|x86
		{E4237614-55F9-48D3-99DE-5FD8148A67C4}.Release|iPhoneSimulator.ActiveCfg = Release|x86
		{E4237614-55F9-48D3-99DE-5FD8148A67C4}.Release|x64.ActiveCfg = Release|x64
		{E4237614-55F9-48D3-99DE-5FD8148A67C4}.Release|x64.Build.0 = Release|x64
		{E4237614-55F9-48D3-99DE-5FD8148A67C4}.Release|x64.Deploy.0 = Release|x64
		{E4237614-55F9-48D3-99DE-5FD8148A67C4}.Release|x86.ActiveCfg = Release|x86
		{E4237614-55F9-48D3-99DE-5FD8148A67C4}.Release|x86.Build.0 = Release|x86
		{E4237614-55F9-48D3-99DE-5FD8148A67C4}.Release|x86.Deploy.0 = Release|x86
		{97C48D41-4455-42AF-A8D2-E693BC05104C}.Ad-Hoc|Any CPU.ActiveCfg = Release|Any CPU
		{97C48D41-4455-42AF-A8D2-E693BC05104C}.Ad-Hoc|Any CPU.Build.0 = Release|Any CPU
		{97C48D41-4455-42AF-A8D2-E693BC05104C}.Ad-Hoc|Any CPU.Deploy.0 = Release|Any CPU
		{97C48D41-4455-42AF-A8D2-E693BC05104C}.Ad-Hoc|ARM.ActiveCfg = Release|ARM
		{97C48D41-4455-42AF-A8D2-E693BC05104C}.Ad-Hoc|ARM.Build.0 = Release|ARM
		{97C48D41-4455-42AF-A8D2-E693BC05104C}.Ad-Hoc|ARM.Deploy.0 = Release|ARM
		{97C48D41-4455-42AF-A8D2-E693BC05104C}.Ad-Hoc|iPhone.ActiveCfg = Release|Any CPU
		{97C48D41-4455-42AF-A8D2-E693BC05104C}.Ad-Hoc|iPhone.Build.0 = Release|Any CPU
		{97C48D41-4455-42AF-A8D2-E693BC05104C}.Ad-Hoc|iPhone.Deploy.0 = Release|Any CPU
		{97C48D41-4455-42AF-A8D2-E693BC05104C}.Ad-Hoc|iPhoneSimulator.ActiveCfg = Release|Any CPU
		{97C48D41-4455-42AF-A8D2-E693BC05104C}.Ad-Hoc|iPhoneSimulator.Build.0 = Release|Any CPU
		{97C48D41-4455-42AF-A8D2-E693BC05104C}.Ad-Hoc|iPhoneSimulator.Deploy.0 = Release|Any CPU
		{97C48D41-4455-42AF-A8D2-E693BC05104C}.Ad-Hoc|x64.ActiveCfg = Release|x64
		{97C48D41-4455-42AF-A8D2-E693BC05104C}.Ad-Hoc|x64.Build.0 = Release|x64
		{97C48D41-4455-42AF-A8D2-E693BC05104C}.Ad-Hoc|x64.Deploy.0 = Release|x64
		{97C48D41-4455-42AF-A8D2-E693BC05104C}.Ad-Hoc|x86.ActiveCfg = Release|x86
		{97C48D41-4455-42AF-A8D2-E693BC05104C}.Ad-Hoc|x86.Build.0 = Release|x86
		{97C48D41-4455-42AF-A8D2-E693BC05104C}.Ad-Hoc|x86.Deploy.0 = Release|x86
		{97C48D41-4455-42AF-A8D2-E693BC05104C}.AppStore|Any CPU.ActiveCfg = Release|Any CPU
		{97C48D41-4455-42AF-A8D2-E693BC05104C}.AppStore|Any CPU.Build.0 = Release|Any CPU
		{97C48D41-4455-42AF-A8D2-E693BC05104C}.AppStore|Any CPU.Deploy.0 = Release|Any CPU
		{97C48D41-4455-42AF-A8D2-E693BC05104C}.AppStore|ARM.ActiveCfg = Release|ARM
		{97C48D41-4455-42AF-A8D2-E693BC05104C}.AppStore|ARM.Build.0 = Release|ARM
		{97C48D41-4455-42AF-A8D2-E693BC05104C}.AppStore|ARM.Deploy.0 = Release|ARM
		{97C48D41-4455-42AF-A8D2-E693BC05104C}.AppStore|iPhone.ActiveCfg = Release|Any CPU
		{97C48D41-4455-42AF-A8D2-E693BC05104C}.AppStore|iPhone.Build.0 = Release|Any CPU
		{97C48D41-4455-42AF-A8D2-E693BC05104C}.AppStore|iPhone.Deploy.0 = Release|Any CPU
		{97C48D41-4455-42AF-A8D2-E693BC05104C}.AppStore|iPhoneSimulator.ActiveCfg = Release|Any CPU
		{97C48D41-4455-42AF-A8D2-E693BC05104C}.AppStore|iPhoneSimulator.Build.0 = Release|Any CPU
		{97C48D41-4455-42AF-A8D2-E693BC05104C}.AppStore|iPhoneSimulator.Deploy.0 = Release|Any CPU
		{97C48D41-4455-42AF-A8D2-E693BC05104C}.AppStore|x64.ActiveCfg = Release|x64
		{97C48D41-4455-42AF-A8D2-E693BC05104C}.AppStore|x64.Build.0 = Release|x64
		{97C48D41-4455-42AF-A8D2-E693BC05104C}.AppStore|x64.Deploy.0 = Release|x64
		{97C48D41-4455-42AF-A8D2-E693BC05104C}.AppStore|x86.ActiveCfg = Release|x86
		{97C48D41-4455-42AF-A8D2-E693BC05104C}.AppStore|x86.Build.0 = Release|x86
		{97C48D41-4455-42AF-A8D2-E693BC05104C}.AppStore|x86.Deploy.0 = Release|x86
		{97C48D41-4455-42AF-A8D2-E693BC05104C}.Debug|Any CPU.ActiveCfg = Debug|Any CPU
		{97C48D41-4455-42AF-A8D2-E693BC05104C}.Debug|Any CPU.Build.0 = Debug|Any CPU
		{97C48D41-4455-42AF-A8D2-E693BC05104C}.Debug|Any CPU.Deploy.0 = Debug|Any CPU
		{97C48D41-4455-42AF-A8D2-E693BC05104C}.Debug|ARM.ActiveCfg = Debug|ARM
		{97C48D41-4455-42AF-A8D2-E693BC05104C}.Debug|ARM.Build.0 = Debug|ARM
		{97C48D41-4455-42AF-A8D2-E693BC05104C}.Debug|ARM.Deploy.0 = Debug|ARM
		{97C48D41-4455-42AF-A8D2-E693BC05104C}.Debug|iPhone.ActiveCfg = Debug|Any CPU
		{97C48D41-4455-42AF-A8D2-E693BC05104C}.Debug|iPhone.Build.0 = Debug|Any CPU
		{97C48D41-4455-42AF-A8D2-E693BC05104C}.Debug|iPhone.Deploy.0 = Debug|Any CPU
		{97C48D41-4455-42AF-A8D2-E693BC05104C}.Debug|iPhoneSimulator.ActiveCfg = Debug|Any CPU
		{97C48D41-4455-42AF-A8D2-E693BC05104C}.Debug|iPhoneSimulator.Build.0 = Debug|Any CPU
		{97C48D41-4455-42AF-A8D2-E693BC05104C}.Debug|iPhoneSimulator.Deploy.0 = Debug|Any CPU
		{97C48D41-4455-42AF-A8D2-E693BC05104C}.Debug|x64.ActiveCfg = Debug|x64
		{97C48D41-4455-42AF-A8D2-E693BC05104C}.Debug|x64.Build.0 = Debug|x64
		{97C48D41-4455-42AF-A8D2-E693BC05104C}.Debug|x64.Deploy.0 = Debug|x64
		{97C48D41-4455-42AF-A8D2-E693BC05104C}.Debug|x86.ActiveCfg = Debug|x86
		{97C48D41-4455-42AF-A8D2-E693BC05104C}.Debug|x86.Build.0 = Debug|x86
		{97C48D41-4455-42AF-A8D2-E693BC05104C}.Debug|x86.Deploy.0 = Debug|x86
		{97C48D41-4455-42AF-A8D2-E693BC05104C}.Release|Any CPU.ActiveCfg = Release|Any CPU
		{97C48D41-4455-42AF-A8D2-E693BC05104C}.Release|Any CPU.Build.0 = Release|Any CPU
		{97C48D41-4455-42AF-A8D2-E693BC05104C}.Release|Any CPU.Deploy.0 = Release|Any CPU
		{97C48D41-4455-42AF-A8D2-E693BC05104C}.Release|ARM.ActiveCfg = Release|ARM
		{97C48D41-4455-42AF-A8D2-E693BC05104C}.Release|ARM.Build.0 = Release|ARM
		{97C48D41-4455-42AF-A8D2-E693BC05104C}.Release|ARM.Deploy.0 = Release|ARM
		{97C48D41-4455-42AF-A8D2-E693BC05104C}.Release|iPhone.ActiveCfg = Release|Any CPU
		{97C48D41-4455-42AF-A8D2-E693BC05104C}.Release|iPhone.Build.0 = Release|Any CPU
		{97C48D41-4455-42AF-A8D2-E693BC05104C}.Release|iPhone.Deploy.0 = Release|Any CPU
		{97C48D41-4455-42AF-A8D2-E693BC05104C}.Release|iPhoneSimulator.ActiveCfg = Release|Any CPU
		{97C48D41-4455-42AF-A8D2-E693BC05104C}.Release|iPhoneSimulator.Build.0 = Release|Any CPU
		{97C48D41-4455-42AF-A8D2-E693BC05104C}.Release|iPhoneSimulator.Deploy.0 = Release|Any CPU
		{97C48D41-4455-42AF-A8D2-E693BC05104C}.Release|x64.ActiveCfg = Release|x64
		{97C48D41-4455-42AF-A8D2-E693BC05104C}.Release|x64.Build.0 = Release|x64
		{97C48D41-4455-42AF-A8D2-E693BC05104C}.Release|x64.Deploy.0 = Release|x64
		{97C48D41-4455-42AF-A8D2-E693BC05104C}.Release|x86.ActiveCfg = Release|x86
		{97C48D41-4455-42AF-A8D2-E693BC05104C}.Release|x86.Build.0 = Release|x86
		{97C48D41-4455-42AF-A8D2-E693BC05104C}.Release|x86.Deploy.0 = Release|x86
		{ED643EBE-5870-4765-BF44-AB01D0DC6DCB}.Ad-Hoc|Any CPU.ActiveCfg = Release|Any CPU
		{ED643EBE-5870-4765-BF44-AB01D0DC6DCB}.Ad-Hoc|Any CPU.Build.0 = Release|Any CPU
		{ED643EBE-5870-4765-BF44-AB01D0DC6DCB}.Ad-Hoc|ARM.ActiveCfg = Release|Any CPU
		{ED643EBE-5870-4765-BF44-AB01D0DC6DCB}.Ad-Hoc|ARM.Build.0 = Release|Any CPU
		{ED643EBE-5870-4765-BF44-AB01D0DC6DCB}.Ad-Hoc|iPhone.ActiveCfg = Release|Any CPU
		{ED643EBE-5870-4765-BF44-AB01D0DC6DCB}.Ad-Hoc|iPhone.Build.0 = Release|Any CPU
		{ED643EBE-5870-4765-BF44-AB01D0DC6DCB}.Ad-Hoc|iPhoneSimulator.ActiveCfg = Release|Any CPU
		{ED643EBE-5870-4765-BF44-AB01D0DC6DCB}.Ad-Hoc|iPhoneSimulator.Build.0 = Release|Any CPU
		{ED643EBE-5870-4765-BF44-AB01D0DC6DCB}.Ad-Hoc|x64.ActiveCfg = Release|Any CPU
		{ED643EBE-5870-4765-BF44-AB01D0DC6DCB}.Ad-Hoc|x64.Build.0 = Release|Any CPU
		{ED643EBE-5870-4765-BF44-AB01D0DC6DCB}.Ad-Hoc|x86.ActiveCfg = Release|Any CPU
		{ED643EBE-5870-4765-BF44-AB01D0DC6DCB}.Ad-Hoc|x86.Build.0 = Release|Any CPU
		{ED643EBE-5870-4765-BF44-AB01D0DC6DCB}.AppStore|Any CPU.ActiveCfg = Release|Any CPU
		{ED643EBE-5870-4765-BF44-AB01D0DC6DCB}.AppStore|Any CPU.Build.0 = Release|Any CPU
		{ED643EBE-5870-4765-BF44-AB01D0DC6DCB}.AppStore|ARM.ActiveCfg = Release|Any CPU
		{ED643EBE-5870-4765-BF44-AB01D0DC6DCB}.AppStore|ARM.Build.0 = Release|Any CPU
		{ED643EBE-5870-4765-BF44-AB01D0DC6DCB}.AppStore|iPhone.ActiveCfg = Release|Any CPU
		{ED643EBE-5870-4765-BF44-AB01D0DC6DCB}.AppStore|iPhone.Build.0 = Release|Any CPU
		{ED643EBE-5870-4765-BF44-AB01D0DC6DCB}.AppStore|iPhoneSimulator.ActiveCfg = Release|Any CPU
		{ED643EBE-5870-4765-BF44-AB01D0DC6DCB}.AppStore|iPhoneSimulator.Build.0 = Release|Any CPU
		{ED643EBE-5870-4765-BF44-AB01D0DC6DCB}.AppStore|x64.ActiveCfg = Release|Any CPU
		{ED643EBE-5870-4765-BF44-AB01D0DC6DCB}.AppStore|x64.Build.0 = Release|Any CPU
		{ED643EBE-5870-4765-BF44-AB01D0DC6DCB}.AppStore|x86.ActiveCfg = Release|Any CPU
		{ED643EBE-5870-4765-BF44-AB01D0DC6DCB}.AppStore|x86.Build.0 = Release|Any CPU
		{ED643EBE-5870-4765-BF44-AB01D0DC6DCB}.Debug|Any CPU.ActiveCfg = Debug|Any CPU
		{ED643EBE-5870-4765-BF44-AB01D0DC6DCB}.Debug|Any CPU.Build.0 = Debug|Any CPU
		{ED643EBE-5870-4765-BF44-AB01D0DC6DCB}.Debug|ARM.ActiveCfg = Debug|Any CPU
		{ED643EBE-5870-4765-BF44-AB01D0DC6DCB}.Debug|ARM.Build.0 = Debug|Any CPU
		{ED643EBE-5870-4765-BF44-AB01D0DC6DCB}.Debug|iPhone.ActiveCfg = Debug|Any CPU
		{ED643EBE-5870-4765-BF44-AB01D0DC6DCB}.Debug|iPhone.Build.0 = Debug|Any CPU
		{ED643EBE-5870-4765-BF44-AB01D0DC6DCB}.Debug|iPhoneSimulator.ActiveCfg = Debug|Any CPU
		{ED643EBE-5870-4765-BF44-AB01D0DC6DCB}.Debug|iPhoneSimulator.Build.0 = Debug|Any CPU
		{ED643EBE-5870-4765-BF44-AB01D0DC6DCB}.Debug|x64.ActiveCfg = Debug|Any CPU
		{ED643EBE-5870-4765-BF44-AB01D0DC6DCB}.Debug|x64.Build.0 = Debug|Any CPU
		{ED643EBE-5870-4765-BF44-AB01D0DC6DCB}.Debug|x86.ActiveCfg = Debug|Any CPU
		{ED643EBE-5870-4765-BF44-AB01D0DC6DCB}.Debug|x86.Build.0 = Debug|Any CPU
		{ED643EBE-5870-4765-BF44-AB01D0DC6DCB}.Release|Any CPU.ActiveCfg = Release|Any CPU
		{ED643EBE-5870-4765-BF44-AB01D0DC6DCB}.Release|Any CPU.Build.0 = Release|Any CPU
		{ED643EBE-5870-4765-BF44-AB01D0DC6DCB}.Release|ARM.ActiveCfg = Release|Any CPU
		{ED643EBE-5870-4765-BF44-AB01D0DC6DCB}.Release|ARM.Build.0 = Release|Any CPU
		{ED643EBE-5870-4765-BF44-AB01D0DC6DCB}.Release|iPhone.ActiveCfg = Release|Any CPU
		{ED643EBE-5870-4765-BF44-AB01D0DC6DCB}.Release|iPhone.Build.0 = Release|Any CPU
		{ED643EBE-5870-4765-BF44-AB01D0DC6DCB}.Release|iPhoneSimulator.ActiveCfg = Release|Any CPU
		{ED643EBE-5870-4765-BF44-AB01D0DC6DCB}.Release|iPhoneSimulator.Build.0 = Release|Any CPU
		{ED643EBE-5870-4765-BF44-AB01D0DC6DCB}.Release|x64.ActiveCfg = Release|Any CPU
		{ED643EBE-5870-4765-BF44-AB01D0DC6DCB}.Release|x64.Build.0 = Release|Any CPU
		{ED643EBE-5870-4765-BF44-AB01D0DC6DCB}.Release|x86.ActiveCfg = Release|Any CPU
		{ED643EBE-5870-4765-BF44-AB01D0DC6DCB}.Release|x86.Build.0 = Release|Any CPU
	EndGlobalSection
	GlobalSection(SolutionProperties) = preSolution
		HideSolutionNode = FALSE
	EndGlobalSection
EndGlobal
